// !$*UTF8*$!
{
	archiveVersion = 1;
	classes = {
	};
	objectVersion = 56;
	objects = {

/* Begin PBXBuildFile section */
		231508B129F02C0300A749AB /* ChatUserpicView.swift in Sources */ = {isa = PBXBuildFile; fileRef = 231508B029F02C0300A749AB /* ChatUserpicView.swift */; };
		231508B529F04EFE00A749AB /* TextMessageInfo.swift in Sources */ = {isa = PBXBuildFile; fileRef = 231508B429F04EFE00A749AB /* TextMessageInfo.swift */; };
		231508B729F04F6100A749AB /* PollInfo.swift in Sources */ = {isa = PBXBuildFile; fileRef = 231508B629F04F6100A749AB /* PollInfo.swift */; };
		231508B929F0503500A749AB /* MessageInfo.swift in Sources */ = {isa = PBXBuildFile; fileRef = 231508B829F0503500A749AB /* MessageInfo.swift */; };
		231508BC29F050BA00A749AB /* TextMessageCell.swift in Sources */ = {isa = PBXBuildFile; fileRef = 231508BB29F050BA00A749AB /* TextMessageCell.swift */; };
		231508BE29F050C100A749AB /* PollCell.swift in Sources */ = {isa = PBXBuildFile; fileRef = 231508BD29F050C100A749AB /* PollCell.swift */; };
		231508C029F0D78E00A749AB /* GradientView.swift in Sources */ = {isa = PBXBuildFile; fileRef = 231508BF29F0D78E00A749AB /* GradientView.swift */; };
		231508C229F0E14000A749AB /* ChatToolbar.swift in Sources */ = {isa = PBXBuildFile; fileRef = 231508C129F0E14000A749AB /* ChatToolbar.swift */; };
		231508C429F0E6CF00A749AB /* UIImage+extra.swift in Sources */ = {isa = PBXBuildFile; fileRef = 231508C329F0E6CF00A749AB /* UIImage+extra.swift */; };
		231508C629F0F11500A749AB /* UIView+hideKeyboard.swift in Sources */ = {isa = PBXBuildFile; fileRef = 231508C529F0F11500A749AB /* UIView+hideKeyboard.swift */; };
		2335B58B29F004AF004E0C96 /* ChatModuleBuilder.swift in Sources */ = {isa = PBXBuildFile; fileRef = 2335B58629F004AF004E0C96 /* ChatModuleBuilder.swift */; };
		2335B58C29F004AF004E0C96 /* ChatPresenter.swift in Sources */ = {isa = PBXBuildFile; fileRef = 2335B58729F004AF004E0C96 /* ChatPresenter.swift */; };
		2335B58D29F004AF004E0C96 /* ChatRouter.swift in Sources */ = {isa = PBXBuildFile; fileRef = 2335B58829F004AF004E0C96 /* ChatRouter.swift */; };
		2335B58E29F004AF004E0C96 /* ChatViewController.swift in Sources */ = {isa = PBXBuildFile; fileRef = 2335B58929F004AF004E0C96 /* ChatViewController.swift */; };
		2335B58F29F004AF004E0C96 /* ChatInteractor.swift in Sources */ = {isa = PBXBuildFile; fileRef = 2335B58A29F004AF004E0C96 /* ChatInteractor.swift */; };
		2335B59729F012DC004E0C96 /* PollCreationModuleBuilder.swift in Sources */ = {isa = PBXBuildFile; fileRef = 2335B59229F012DC004E0C96 /* PollCreationModuleBuilder.swift */; };
		2335B59829F012DC004E0C96 /* PollCreationPresenter.swift in Sources */ = {isa = PBXBuildFile; fileRef = 2335B59329F012DC004E0C96 /* PollCreationPresenter.swift */; };
		2335B59929F012DC004E0C96 /* PollCreationRouter.swift in Sources */ = {isa = PBXBuildFile; fileRef = 2335B59429F012DC004E0C96 /* PollCreationRouter.swift */; };
		2335B59A29F012DC004E0C96 /* PollCreationViewController.swift in Sources */ = {isa = PBXBuildFile; fileRef = 2335B59529F012DC004E0C96 /* PollCreationViewController.swift */; };
		2335B59B29F012DC004E0C96 /* PollCreationInteractor.swift in Sources */ = {isa = PBXBuildFile; fileRef = 2335B59629F012DC004E0C96 /* PollCreationInteractor.swift */; };
		2335B59E29F01409004E0C96 /* ChatNavigationTitleView.swift in Sources */ = {isa = PBXBuildFile; fileRef = 2335B59D29F01409004E0C96 /* ChatNavigationTitleView.swift */; };
		2335B5A129F0142E004E0C96 /* SnapKit in Frameworks */ = {isa = PBXBuildFile; productRef = 2335B5A029F0142E004E0C96 /* SnapKit */; };
		2335B5A629F015F3004E0C96 /* Poppins-Medium.ttf in Resources */ = {isa = PBXBuildFile; fileRef = 2335B5A329F015F3004E0C96 /* Poppins-Medium.ttf */; };
		2335B5A729F015F3004E0C96 /* Poppins-Regular.ttf in Resources */ = {isa = PBXBuildFile; fileRef = 2335B5A429F015F3004E0C96 /* Poppins-Regular.ttf */; };
		2335B5A829F015F3004E0C96 /* Poppins-SemiBold.ttf in Resources */ = {isa = PBXBuildFile; fileRef = 2335B5A529F015F3004E0C96 /* Poppins-SemiBold.ttf */; };
		2335B5AE29F016EE004E0C96 /* UILabel+style.swift in Sources */ = {isa = PBXBuildFile; fileRef = 2335B5AD29F016EE004E0C96 /* UILabel+style.swift */; };
		2335B5B029F01A3D004E0C96 /* UIColor+extra.swift in Sources */ = {isa = PBXBuildFile; fileRef = 2335B5AF29F01A3D004E0C96 /* UIColor+extra.swift */; };
		23FADC2129F000EB000FC509 /* AppDelegate.swift in Sources */ = {isa = PBXBuildFile; fileRef = 23FADC2029F000EB000FC509 /* AppDelegate.swift */; };
		23FADC2329F000EB000FC509 /* SceneDelegate.swift in Sources */ = {isa = PBXBuildFile; fileRef = 23FADC2229F000EB000FC509 /* SceneDelegate.swift */; };
		23FADC2A29F000ED000FC509 /* Assets.xcassets in Resources */ = {isa = PBXBuildFile; fileRef = 23FADC2929F000ED000FC509 /* Assets.xcassets */; };
		23FADC2D29F000ED000FC509 /* LaunchScreen.storyboard in Resources */ = {isa = PBXBuildFile; fileRef = 23FADC2B29F000ED000FC509 /* LaunchScreen.storyboard */; };
/* End PBXBuildFile section */

/* Begin PBXFileReference section */
		231508B029F02C0300A749AB /* ChatUserpicView.swift */ = {isa = PBXFileReference; lastKnownFileType = sourcecode.swift; path = ChatUserpicView.swift; sourceTree = "<group>"; };
		231508B429F04EFE00A749AB /* TextMessageInfo.swift */ = {isa = PBXFileReference; lastKnownFileType = sourcecode.swift; path = TextMessageInfo.swift; sourceTree = "<group>"; };
		231508B629F04F6100A749AB /* PollInfo.swift */ = {isa = PBXFileReference; lastKnownFileType = sourcecode.swift; path = PollInfo.swift; sourceTree = "<group>"; };
		231508B829F0503500A749AB /* MessageInfo.swift */ = {isa = PBXFileReference; lastKnownFileType = sourcecode.swift; path = MessageInfo.swift; sourceTree = "<group>"; };
		231508BB29F050BA00A749AB /* TextMessageCell.swift */ = {isa = PBXFileReference; lastKnownFileType = sourcecode.swift; path = TextMessageCell.swift; sourceTree = "<group>"; };
		231508BD29F050C100A749AB /* PollCell.swift */ = {isa = PBXFileReference; lastKnownFileType = sourcecode.swift; path = PollCell.swift; sourceTree = "<group>"; };
		231508BF29F0D78E00A749AB /* GradientView.swift */ = {isa = PBXFileReference; lastKnownFileType = sourcecode.swift; path = GradientView.swift; sourceTree = "<group>"; };
		231508C129F0E14000A749AB /* ChatToolbar.swift */ = {isa = PBXFileReference; lastKnownFileType = sourcecode.swift; path = ChatToolbar.swift; sourceTree = "<group>"; };
		231508C329F0E6CF00A749AB /* UIImage+extra.swift */ = {isa = PBXFileReference; lastKnownFileType = sourcecode.swift; path = "UIImage+extra.swift"; sourceTree = "<group>"; };
		231508C529F0F11500A749AB /* UIView+hideKeyboard.swift */ = {isa = PBXFileReference; lastKnownFileType = sourcecode.swift; path = "UIView+hideKeyboard.swift"; sourceTree = "<group>"; };
		2335B58629F004AF004E0C96 /* ChatModuleBuilder.swift */ = {isa = PBXFileReference; lastKnownFileType = sourcecode.swift; path = ChatModuleBuilder.swift; sourceTree = "<group>"; };
		2335B58729F004AF004E0C96 /* ChatPresenter.swift */ = {isa = PBXFileReference; lastKnownFileType = sourcecode.swift; path = ChatPresenter.swift; sourceTree = "<group>"; };
		2335B58829F004AF004E0C96 /* ChatRouter.swift */ = {isa = PBXFileReference; lastKnownFileType = sourcecode.swift; path = ChatRouter.swift; sourceTree = "<group>"; };
		2335B58929F004AF004E0C96 /* ChatViewController.swift */ = {isa = PBXFileReference; lastKnownFileType = sourcecode.swift; path = ChatViewController.swift; sourceTree = "<group>"; };
		2335B58A29F004AF004E0C96 /* ChatInteractor.swift */ = {isa = PBXFileReference; lastKnownFileType = sourcecode.swift; path = ChatInteractor.swift; sourceTree = "<group>"; };
		2335B59229F012DC004E0C96 /* PollCreationModuleBuilder.swift */ = {isa = PBXFileReference; lastKnownFileType = sourcecode.swift; path = PollCreationModuleBuilder.swift; sourceTree = "<group>"; };
		2335B59329F012DC004E0C96 /* PollCreationPresenter.swift */ = {isa = PBXFileReference; lastKnownFileType = sourcecode.swift; path = PollCreationPresenter.swift; sourceTree = "<group>"; };
		2335B59429F012DC004E0C96 /* PollCreationRouter.swift */ = {isa = PBXFileReference; lastKnownFileType = sourcecode.swift; path = PollCreationRouter.swift; sourceTree = "<group>"; };
		2335B59529F012DC004E0C96 /* PollCreationViewController.swift */ = {isa = PBXFileReference; lastKnownFileType = sourcecode.swift; path = PollCreationViewController.swift; sourceTree = "<group>"; };
		2335B59629F012DC004E0C96 /* PollCreationInteractor.swift */ = {isa = PBXFileReference; lastKnownFileType = sourcecode.swift; path = PollCreationInteractor.swift; sourceTree = "<group>"; };
		2335B59D29F01409004E0C96 /* ChatNavigationTitleView.swift */ = {isa = PBXFileReference; lastKnownFileType = sourcecode.swift; path = ChatNavigationTitleView.swift; sourceTree = "<group>"; };
		2335B5A329F015F3004E0C96 /* Poppins-Medium.ttf */ = {isa = PBXFileReference; lastKnownFileType = file; path = "Poppins-Medium.ttf"; sourceTree = "<group>"; };
		2335B5A429F015F3004E0C96 /* Poppins-Regular.ttf */ = {isa = PBXFileReference; lastKnownFileType = file; path = "Poppins-Regular.ttf"; sourceTree = "<group>"; };
		2335B5A529F015F3004E0C96 /* Poppins-SemiBold.ttf */ = {isa = PBXFileReference; lastKnownFileType = file; path = "Poppins-SemiBold.ttf"; sourceTree = "<group>"; };
		2335B5AD29F016EE004E0C96 /* UILabel+style.swift */ = {isa = PBXFileReference; lastKnownFileType = sourcecode.swift; path = "UILabel+style.swift"; sourceTree = "<group>"; };
		2335B5AF29F01A3D004E0C96 /* UIColor+extra.swift */ = {isa = PBXFileReference; lastKnownFileType = sourcecode.swift; path = "UIColor+extra.swift"; sourceTree = "<group>"; };
		23FADC1D29F000EB000FC509 /* Lowkey-Demo.app */ = {isa = PBXFileReference; explicitFileType = wrapper.application; includeInIndex = 0; path = "Lowkey-Demo.app"; sourceTree = BUILT_PRODUCTS_DIR; };
		23FADC2029F000EB000FC509 /* AppDelegate.swift */ = {isa = PBXFileReference; lastKnownFileType = sourcecode.swift; path = AppDelegate.swift; sourceTree = "<group>"; };
		23FADC2229F000EB000FC509 /* SceneDelegate.swift */ = {isa = PBXFileReference; lastKnownFileType = sourcecode.swift; path = SceneDelegate.swift; sourceTree = "<group>"; };
		23FADC2929F000ED000FC509 /* Assets.xcassets */ = {isa = PBXFileReference; lastKnownFileType = folder.assetcatalog; path = Assets.xcassets; sourceTree = "<group>"; };
		23FADC2C29F000ED000FC509 /* Base */ = {isa = PBXFileReference; lastKnownFileType = file.storyboard; name = Base; path = Base.lproj/LaunchScreen.storyboard; sourceTree = "<group>"; };
		23FADC2E29F000ED000FC509 /* Info.plist */ = {isa = PBXFileReference; lastKnownFileType = text.plist.xml; path = Info.plist; sourceTree = "<group>"; };
/* End PBXFileReference section */

/* Begin PBXFrameworksBuildPhase section */
		23FADC1A29F000EB000FC509 /* Frameworks */ = {
			isa = PBXFrameworksBuildPhase;
			buildActionMask = 2147483647;
			files = (
				2335B5A129F0142E004E0C96 /* SnapKit in Frameworks */,
			);
			runOnlyForDeploymentPostprocessing = 0;
		};
/* End PBXFrameworksBuildPhase section */

/* Begin PBXGroup section */
		231508B229F04EE100A749AB /* API */ = {
			isa = PBXGroup;
			children = (
				231508B329F04EE900A749AB /* Models */,
			);
			path = API;
			sourceTree = "<group>";
		};
		231508B329F04EE900A749AB /* Models */ = {
			isa = PBXGroup;
			children = (
				231508B429F04EFE00A749AB /* TextMessageInfo.swift */,
				231508B629F04F6100A749AB /* PollInfo.swift */,
				231508B829F0503500A749AB /* MessageInfo.swift */,
			);
			path = Models;
			sourceTree = "<group>";
		};
		231508BA29F050A900A749AB /* Cells */ = {
			isa = PBXGroup;
			children = (
				231508BB29F050BA00A749AB /* TextMessageCell.swift */,
				231508BD29F050C100A749AB /* PollCell.swift */,
			);
			path = Cells;
			sourceTree = "<group>";
		};
		2335B59129F012C4004E0C96 /* PollCreation */ = {
			isa = PBXGroup;
			children = (
				2335B59229F012DC004E0C96 /* PollCreationModuleBuilder.swift */,
				2335B59329F012DC004E0C96 /* PollCreationPresenter.swift */,
				2335B59429F012DC004E0C96 /* PollCreationRouter.swift */,
				2335B59529F012DC004E0C96 /* PollCreationViewController.swift */,
				2335B59629F012DC004E0C96 /* PollCreationInteractor.swift */,
			);
			path = PollCreation;
			sourceTree = "<group>";
		};
		2335B59C29F013E2004E0C96 /* Views */ = {
			isa = PBXGroup;
			children = (
				231508BA29F050A900A749AB /* Cells */,
				2335B59D29F01409004E0C96 /* ChatNavigationTitleView.swift */,
				231508B029F02C0300A749AB /* ChatUserpicView.swift */,
				231508BF29F0D78E00A749AB /* GradientView.swift */,
				231508C129F0E14000A749AB /* ChatToolbar.swift */,
			);
			path = Views;
			sourceTree = "<group>";
		};
		2335B5A229F015DE004E0C96 /* Fonts */ = {
			isa = PBXGroup;
			children = (
				2335B5A329F015F3004E0C96 /* Poppins-Medium.ttf */,
				2335B5A429F015F3004E0C96 /* Poppins-Regular.ttf */,
				2335B5A529F015F3004E0C96 /* Poppins-SemiBold.ttf */,
			);
			path = Fonts;
			sourceTree = "<group>";
		};
		2335B5A929F0163F004E0C96 /* Core */ = {
			isa = PBXGroup;
			children = (
				2335B5AA29F01649004E0C96 /* Extensions */,
			);
			path = Core;
			sourceTree = "<group>";
		};
		2335B5AA29F01649004E0C96 /* Extensions */ = {
			isa = PBXGroup;
			children = (
				2335B5AF29F01A3D004E0C96 /* UIColor+extra.swift */,
				2335B5AD29F016EE004E0C96 /* UILabel+style.swift */,
				231508C329F0E6CF00A749AB /* UIImage+extra.swift */,
				231508C529F0F11500A749AB /* UIView+hideKeyboard.swift */,
			);
			path = Extensions;
			sourceTree = "<group>";
		};
		23FADC1429F000EB000FC509 = {
			isa = PBXGroup;
			children = (
				23FADC1F29F000EB000FC509 /* Lowkey-Demo */,
				23FADC1E29F000EB000FC509 /* Products */,
			);
			sourceTree = "<group>";
		};
		23FADC1E29F000EB000FC509 /* Products */ = {
			isa = PBXGroup;
			children = (
				23FADC1D29F000EB000FC509 /* Lowkey-Demo.app */,
			);
			name = Products;
			sourceTree = "<group>";
		};
		23FADC1F29F000EB000FC509 /* Lowkey-Demo */ = {
			isa = PBXGroup;
			children = (
				23FADC3429F000F4000FC509 /* Application */,
				231508B229F04EE100A749AB /* API */,
				2335B5A929F0163F004E0C96 /* Core */,
				23FADC3629F0016B000FC509 /* Chat */,
				2335B59129F012C4004E0C96 /* PollCreation */,
				2335B59C29F013E2004E0C96 /* Views */,
				23FADC3529F000FF000FC509 /* Resources */,
			);
			path = "Lowkey-Demo";
			sourceTree = "<group>";
		};
		23FADC3429F000F4000FC509 /* Application */ = {
			isa = PBXGroup;
			children = (
				23FADC2029F000EB000FC509 /* AppDelegate.swift */,
				23FADC2229F000EB000FC509 /* SceneDelegate.swift */,
			);
			path = Application;
			sourceTree = "<group>";
		};
		23FADC3529F000FF000FC509 /* Resources */ = {
			isa = PBXGroup;
			children = (
				2335B5A229F015DE004E0C96 /* Fonts */,
				23FADC2929F000ED000FC509 /* Assets.xcassets */,
				23FADC2B29F000ED000FC509 /* LaunchScreen.storyboard */,
				23FADC2E29F000ED000FC509 /* Info.plist */,
			);
			path = Resources;
			sourceTree = "<group>";
		};
		23FADC3629F0016B000FC509 /* Chat */ = {
			isa = PBXGroup;
			children = (
				2335B58629F004AF004E0C96 /* ChatModuleBuilder.swift */,
				2335B58729F004AF004E0C96 /* ChatPresenter.swift */,
				2335B58829F004AF004E0C96 /* ChatRouter.swift */,
				2335B58929F004AF004E0C96 /* ChatViewController.swift */,
				2335B58A29F004AF004E0C96 /* ChatInteractor.swift */,
			);
			path = Chat;
			sourceTree = "<group>";
		};
/* End PBXGroup section */

/* Begin PBXNativeTarget section */
		23FADC1C29F000EB000FC509 /* Lowkey-Demo */ = {
			isa = PBXNativeTarget;
			buildConfigurationList = 23FADC3129F000ED000FC509 /* Build configuration list for PBXNativeTarget "Lowkey-Demo" */;
			buildPhases = (
				23FADC1929F000EB000FC509 /* Sources */,
				23FADC1A29F000EB000FC509 /* Frameworks */,
				23FADC1B29F000EB000FC509 /* Resources */,
			);
			buildRules = (
			);
			dependencies = (
			);
			name = "Lowkey-Demo";
			packageProductDependencies = (
				2335B5A029F0142E004E0C96 /* SnapKit */,
			);
			productName = "Lowkey-Demo";
			productReference = 23FADC1D29F000EB000FC509 /* Lowkey-Demo.app */;
			productType = "com.apple.product-type.application";
		};
/* End PBXNativeTarget section */

/* Begin PBXProject section */
		23FADC1529F000EB000FC509 /* Project object */ = {
			isa = PBXProject;
			attributes = {
				BuildIndependentTargetsInParallel = 1;
				LastSwiftUpdateCheck = 1410;
				LastUpgradeCheck = 1410;
				TargetAttributes = {
					23FADC1C29F000EB000FC509 = {
						CreatedOnToolsVersion = 14.1;
					};
				};
			};
			buildConfigurationList = 23FADC1829F000EB000FC509 /* Build configuration list for PBXProject "Lowkey-Demo" */;
			compatibilityVersion = "Xcode 14.0";
			developmentRegion = en;
			hasScannedForEncodings = 0;
			knownRegions = (
				en,
				Base,
			);
			mainGroup = 23FADC1429F000EB000FC509;
			packageReferences = (
				2335B59F29F0142E004E0C96 /* XCRemoteSwiftPackageReference "SnapKit" */,
			);
			productRefGroup = 23FADC1E29F000EB000FC509 /* Products */;
			projectDirPath = "";
			projectRoot = "";
			targets = (
				23FADC1C29F000EB000FC509 /* Lowkey-Demo */,
			);
		};
/* End PBXProject section */

/* Begin PBXResourcesBuildPhase section */
		23FADC1B29F000EB000FC509 /* Resources */ = {
			isa = PBXResourcesBuildPhase;
			buildActionMask = 2147483647;
			files = (
				2335B5A829F015F3004E0C96 /* Poppins-SemiBold.ttf in Resources */,
				2335B5A629F015F3004E0C96 /* Poppins-Medium.ttf in Resources */,
				23FADC2D29F000ED000FC509 /* LaunchScreen.storyboard in Resources */,
				23FADC2A29F000ED000FC509 /* Assets.xcassets in Resources */,
				2335B5A729F015F3004E0C96 /* Poppins-Regular.ttf in Resources */,
			);
			runOnlyForDeploymentPostprocessing = 0;
		};
/* End PBXResourcesBuildPhase section */

/* Begin PBXSourcesBuildPhase section */
		23FADC1929F000EB000FC509 /* Sources */ = {
			isa = PBXSourcesBuildPhase;
			buildActionMask = 2147483647;
			files = (
				2335B58B29F004AF004E0C96 /* ChatModuleBuilder.swift in Sources */,
				231508B929F0503500A749AB /* MessageInfo.swift in Sources */,
				231508C029F0D78E00A749AB /* GradientView.swift in Sources */,
				231508C629F0F11500A749AB /* UIView+hideKeyboard.swift in Sources */,
				23FADC2129F000EB000FC509 /* AppDelegate.swift in Sources */,
				2335B59929F012DC004E0C96 /* PollCreationRouter.swift in Sources */,
				2335B58C29F004AF004E0C96 /* ChatPresenter.swift in Sources */,
				2335B59A29F012DC004E0C96 /* PollCreationViewController.swift in Sources */,
				2335B59729F012DC004E0C96 /* PollCreationModuleBuilder.swift in Sources */,
				231508B529F04EFE00A749AB /* TextMessageInfo.swift in Sources */,
				231508B129F02C0300A749AB /* ChatUserpicView.swift in Sources */,
				2335B59B29F012DC004E0C96 /* PollCreationInteractor.swift in Sources */,
				23FADC2329F000EB000FC509 /* SceneDelegate.swift in Sources */,
				231508C229F0E14000A749AB /* ChatToolbar.swift in Sources */,
				2335B5B029F01A3D004E0C96 /* UIColor+extra.swift in Sources */,
				2335B58E29F004AF004E0C96 /* ChatViewController.swift in Sources */,
				2335B58D29F004AF004E0C96 /* ChatRouter.swift in Sources */,
				231508BC29F050BA00A749AB /* TextMessageCell.swift in Sources */,
				2335B59829F012DC004E0C96 /* PollCreationPresenter.swift in Sources */,
				231508B729F04F6100A749AB /* PollInfo.swift in Sources */,
				231508BE29F050C100A749AB /* PollCell.swift in Sources */,
				2335B59E29F01409004E0C96 /* ChatNavigationTitleView.swift in Sources */,
				2335B58F29F004AF004E0C96 /* ChatInteractor.swift in Sources */,
				231508C429F0E6CF00A749AB /* UIImage+extra.swift in Sources */,
				2335B5AE29F016EE004E0C96 /* UILabel+style.swift in Sources */,
			);
			runOnlyForDeploymentPostprocessing = 0;
		};
/* End PBXSourcesBuildPhase section */

/* Begin PBXVariantGroup section */
		23FADC2B29F000ED000FC509 /* LaunchScreen.storyboard */ = {
			isa = PBXVariantGroup;
			children = (
				23FADC2C29F000ED000FC509 /* Base */,
			);
			name = LaunchScreen.storyboard;
			sourceTree = "<group>";
		};
/* End PBXVariantGroup section */

/* Begin XCBuildConfiguration section */
		23FADC2F29F000ED000FC509 /* Debug */ = {
			isa = XCBuildConfiguration;
			buildSettings = {
				ALWAYS_SEARCH_USER_PATHS = NO;
				CLANG_ANALYZER_NONNULL = YES;
				CLANG_ANALYZER_NUMBER_OBJECT_CONVERSION = YES_AGGRESSIVE;
				CLANG_CXX_LANGUAGE_STANDARD = "gnu++20";
				CLANG_ENABLE_MODULES = YES;
				CLANG_ENABLE_OBJC_ARC = YES;
				CLANG_ENABLE_OBJC_WEAK = YES;
				CLANG_WARN_BLOCK_CAPTURE_AUTORELEASING = YES;
				CLANG_WARN_BOOL_CONVERSION = YES;
				CLANG_WARN_COMMA = YES;
				CLANG_WARN_CONSTANT_CONVERSION = YES;
				CLANG_WARN_DEPRECATED_OBJC_IMPLEMENTATIONS = YES;
				CLANG_WARN_DIRECT_OBJC_ISA_USAGE = YES_ERROR;
				CLANG_WARN_DOCUMENTATION_COMMENTS = YES;
				CLANG_WARN_EMPTY_BODY = YES;
				CLANG_WARN_ENUM_CONVERSION = YES;
				CLANG_WARN_INFINITE_RECURSION = YES;
				CLANG_WARN_INT_CONVERSION = YES;
				CLANG_WARN_NON_LITERAL_NULL_CONVERSION = YES;
				CLANG_WARN_OBJC_IMPLICIT_RETAIN_SELF = YES;
				CLANG_WARN_OBJC_LITERAL_CONVERSION = YES;
				CLANG_WARN_OBJC_ROOT_CLASS = YES_ERROR;
				CLANG_WARN_QUOTED_INCLUDE_IN_FRAMEWORK_HEADER = YES;
				CLANG_WARN_RANGE_LOOP_ANALYSIS = YES;
				CLANG_WARN_STRICT_PROTOTYPES = YES;
				CLANG_WARN_SUSPICIOUS_MOVE = YES;
				CLANG_WARN_UNGUARDED_AVAILABILITY = YES_AGGRESSIVE;
				CLANG_WARN_UNREACHABLE_CODE = YES;
				CLANG_WARN__DUPLICATE_METHOD_MATCH = YES;
				COPY_PHASE_STRIP = NO;
				DEBUG_INFORMATION_FORMAT = dwarf;
				ENABLE_STRICT_OBJC_MSGSEND = YES;
				ENABLE_TESTABILITY = YES;
				GCC_C_LANGUAGE_STANDARD = gnu11;
				GCC_DYNAMIC_NO_PIC = NO;
				GCC_NO_COMMON_BLOCKS = YES;
				GCC_OPTIMIZATION_LEVEL = 0;
				GCC_PREPROCESSOR_DEFINITIONS = (
					"DEBUG=1",
					"$(inherited)",
				);
				GCC_WARN_64_TO_32_BIT_CONVERSION = YES;
				GCC_WARN_ABOUT_RETURN_TYPE = YES_ERROR;
				GCC_WARN_UNDECLARED_SELECTOR = YES;
				GCC_WARN_UNINITIALIZED_AUTOS = YES_AGGRESSIVE;
				GCC_WARN_UNUSED_FUNCTION = YES;
				GCC_WARN_UNUSED_VARIABLE = YES;
				IPHONEOS_DEPLOYMENT_TARGET = 16.1;
				MTL_ENABLE_DEBUG_INFO = INCLUDE_SOURCE;
				MTL_FAST_MATH = YES;
				ONLY_ACTIVE_ARCH = YES;
				SDKROOT = iphoneos;
				SWIFT_ACTIVE_COMPILATION_CONDITIONS = DEBUG;
				SWIFT_OPTIMIZATION_LEVEL = "-Onone";
			};
			name = Debug;
		};
		23FADC3029F000ED000FC509 /* Release */ = {
			isa = XCBuildConfiguration;
			buildSettings = {
				ALWAYS_SEARCH_USER_PATHS = NO;
				CLANG_ANALYZER_NONNULL = YES;
				CLANG_ANALYZER_NUMBER_OBJECT_CONVERSION = YES_AGGRESSIVE;
				CLANG_CXX_LANGUAGE_STANDARD = "gnu++20";
				CLANG_ENABLE_MODULES = YES;
				CLANG_ENABLE_OBJC_ARC = YES;
				CLANG_ENABLE_OBJC_WEAK = YES;
				CLANG_WARN_BLOCK_CAPTURE_AUTORELEASING = YES;
				CLANG_WARN_BOOL_CONVERSION = YES;
				CLANG_WARN_COMMA = YES;
				CLANG_WARN_CONSTANT_CONVERSION = YES;
				CLANG_WARN_DEPRECATED_OBJC_IMPLEMENTATIONS = YES;
				CLANG_WARN_DIRECT_OBJC_ISA_USAGE = YES_ERROR;
				CLANG_WARN_DOCUMENTATION_COMMENTS = YES;
				CLANG_WARN_EMPTY_BODY = YES;
				CLANG_WARN_ENUM_CONVERSION = YES;
				CLANG_WARN_INFINITE_RECURSION = YES;
				CLANG_WARN_INT_CONVERSION = YES;
				CLANG_WARN_NON_LITERAL_NULL_CONVERSION = YES;
				CLANG_WARN_OBJC_IMPLICIT_RETAIN_SELF = YES;
				CLANG_WARN_OBJC_LITERAL_CONVERSION = YES;
				CLANG_WARN_OBJC_ROOT_CLASS = YES_ERROR;
				CLANG_WARN_QUOTED_INCLUDE_IN_FRAMEWORK_HEADER = YES;
				CLANG_WARN_RANGE_LOOP_ANALYSIS = YES;
				CLANG_WARN_STRICT_PROTOTYPES = YES;
				CLANG_WARN_SUSPICIOUS_MOVE = YES;
				CLANG_WARN_UNGUARDED_AVAILABILITY = YES_AGGRESSIVE;
				CLANG_WARN_UNREACHABLE_CODE = YES;
				CLANG_WARN__DUPLICATE_METHOD_MATCH = YES;
				COPY_PHASE_STRIP = NO;
				DEBUG_INFORMATION_FORMAT = "dwarf-with-dsym";
				ENABLE_NS_ASSERTIONS = NO;
				ENABLE_STRICT_OBJC_MSGSEND = YES;
				GCC_C_LANGUAGE_STANDARD = gnu11;
				GCC_NO_COMMON_BLOCKS = YES;
				GCC_WARN_64_TO_32_BIT_CONVERSION = YES;
				GCC_WARN_ABOUT_RETURN_TYPE = YES_ERROR;
				GCC_WARN_UNDECLARED_SELECTOR = YES;
				GCC_WARN_UNINITIALIZED_AUTOS = YES_AGGRESSIVE;
				GCC_WARN_UNUSED_FUNCTION = YES;
				GCC_WARN_UNUSED_VARIABLE = YES;
				IPHONEOS_DEPLOYMENT_TARGET = 16.1;
				MTL_ENABLE_DEBUG_INFO = NO;
				MTL_FAST_MATH = YES;
				SDKROOT = iphoneos;
				SWIFT_COMPILATION_MODE = wholemodule;
				SWIFT_OPTIMIZATION_LEVEL = "-O";
				VALIDATE_PRODUCT = YES;
			};
			name = Release;
		};
		23FADC3229F000ED000FC509 /* Debug */ = {
			isa = XCBuildConfiguration;
			buildSettings = {
				ASSETCATALOG_COMPILER_APPICON_NAME = AppIcon;
				ASSETCATALOG_COMPILER_GLOBAL_ACCENT_COLOR_NAME = AccentColor;
				CODE_SIGN_STYLE = Automatic;
				CURRENT_PROJECT_VERSION = 1;
				DEVELOPMENT_TEAM = S256F93A4R;
				GENERATE_INFOPLIST_FILE = YES;
				INFOPLIST_FILE = "Lowkey-Demo/Resources/Info.plist";
				INFOPLIST_KEY_UIApplicationSupportsIndirectInputEvents = YES;
				INFOPLIST_KEY_UILaunchStoryboardName = LaunchScreen;
				INFOPLIST_KEY_UIMainStoryboardFile = "";
				INFOPLIST_KEY_UISupportedInterfaceOrientations = UIInterfaceOrientationPortrait;
				INFOPLIST_KEY_UISupportedInterfaceOrientations_iPad = "UIInterfaceOrientationLandscapeLeft UIInterfaceOrientationLandscapeRight UIInterfaceOrientationPortrait UIInterfaceOrientationPortraitUpsideDown";
				IPHONEOS_DEPLOYMENT_TARGET = 15.0;
				LD_RUNPATH_SEARCH_PATHS = (
					"$(inherited)",
					"@executable_path/Frameworks",
				);
				MARKETING_VERSION = 1.0;
				PRODUCT_BUNDLE_IDENTIFIER = "lowkey.Lowkey-Demo";
				PRODUCT_NAME = "$(TARGET_NAME)";
				SWIFT_EMIT_LOC_STRINGS = YES;
				SWIFT_VERSION = 5.0;
				TARGETED_DEVICE_FAMILY = "1,2";
			};
			name = Debug;
		};
		23FADC3329F000ED000FC509 /* Release */ = {
			isa = XCBuildConfiguration;
			buildSettings = {
				ASSETCATALOG_COMPILER_APPICON_NAME = AppIcon;
				ASSETCATALOG_COMPILER_GLOBAL_ACCENT_COLOR_NAME = AccentColor;
				CODE_SIGN_STYLE = Automatic;
				CURRENT_PROJECT_VERSION = 1;
				DEVELOPMENT_TEAM = S256F93A4R;
				GENERATE_INFOPLIST_FILE = YES;
				INFOPLIST_FILE = "Lowkey-Demo/Resources/Info.plist";
				INFOPLIST_KEY_UIApplicationSupportsIndirectInputEvents = YES;
				INFOPLIST_KEY_UILaunchStoryboardName = LaunchScreen;
				INFOPLIST_KEY_UIMainStoryboardFile = "";
				INFOPLIST_KEY_UISupportedInterfaceOrientations = UIInterfaceOrientationPortrait;
				INFOPLIST_KEY_UISupportedInterfaceOrientations_iPad = "UIInterfaceOrientationLandscapeLeft UIInterfaceOrientationLandscapeRight UIInterfaceOrientationPortrait UIInterfaceOrientationPortraitUpsideDown";
				IPHONEOS_DEPLOYMENT_TARGET = 15.0;
				LD_RUNPATH_SEARCH_PATHS = (
					"$(inherited)",
					"@executable_path/Frameworks",
				);
				MARKETING_VERSION = 1.0;
				PRODUCT_BUNDLE_IDENTIFIER = "lowkey.Lowkey-Demo";
				PRODUCT_NAME = "$(TARGET_NAME)";
				SWIFT_EMIT_LOC_STRINGS = YES;
				SWIFT_VERSION = 5.0;
				TARGETED_DEVICE_FAMILY = "1,2";
			};
			name = Release;
		};
/* End XCBuildConfiguration section */

/* Begin XCConfigurationList section */
		23FADC1829F000EB000FC509 /* Build configuration list for PBXProject "Lowkey-Demo" */ = {
			isa = XCConfigurationList;
			buildConfigurations = (
				23FADC2F29F000ED000FC509 /* Debug */,
				23FADC3029F000ED000FC509 /* Release */,
			);
			defaultConfigurationIsVisible = 0;
			defaultConfigurationName = Release;
		};
		23FADC3129F000ED000FC509 /* Build configuration list for PBXNativeTarget "Lowkey-Demo" */ = {
			isa = XCConfigurationList;
			buildConfigurations = (
				23FADC3229F000ED000FC509 /* Debug */,
				23FADC3329F000ED000FC509 /* Release */,
			);
			defaultConfigurationIsVisible = 0;
			defaultConfigurationName = Release;
		};
/* End XCConfigurationList section */

/* Begin XCRemoteSwiftPackageReference section */
		2335B59F29F0142E004E0C96 /* XCRemoteSwiftPackageReference "SnapKit" */ = {
			isa = XCRemoteSwiftPackageReference;
			repositoryURL = "https://github.com/SnapKit/SnapKit";
			requirement = {
				branch = develop;
				kind = branch;
			};
		};
/* End XCRemoteSwiftPackageReference section */

/* Begin XCSwiftPackageProductDependency section */
		2335B5A029F0142E004E0C96 /* SnapKit */ = {
			isa = XCSwiftPackageProductDependency;
			package = 2335B59F29F0142E004E0C96 /* XCRemoteSwiftPackageReference "SnapKit" */;
			productName = SnapKit;
		};
/* End XCSwiftPackageProductDependency section */
	};
	rootObject = 23FADC1529F000EB000FC509 /* Project object */;
}
